
Microsoft Visual Studio Solution File, Format Version 12.00
# Visual Studio Version 16
VisualStudioVersion = 16.0.31613.86
MinimumVisualStudioVersion = 10.0.40219.1
Project("{00D1A9C2-B5F0-4AF3-8072-F6C62B433612}") = "SELECT_statements", "SELECT_statements\SELECT_statements.sqlproj", "{E227BB0E-BD78-4C5E-BC1C-366D2C9F9FCC}"
EndProject
Global
	GlobalSection(SolutionConfigurationPlatforms) = preSolution
		Debug|Any CPU = Debug|Any CPU
		Release|Any CPU = Release|Any CPU
	EndGlobalSection
	GlobalSection(ProjectConfigurationPlatforms) = postSolution
		{E227BB0E-BD78-4C5E-BC1C-366D2C9F9FCC}.Debug|Any CPU.ActiveCfg = Debug|Any CPU
		{E227BB0E-BD78-4C5E-BC1C-366D2C9F9FCC}.Debug|Any CPU.Build.0 = Debug|Any CPU
		{E227BB0E-BD78-4C5E-BC1C-366D2C9F9FCC}.Debug|Any CPU.Deploy.0 = Debug|Any CPU
		{E227BB0E-BD78-4C5E-BC1C-366D2C9F9FCC}.Release|Any CPU.ActiveCfg = Release|Any CPU
		{E227BB0E-BD78-4C5E-BC1C-366D2C9F9FCC}.Release|Any CPU.Build.0 = Release|Any CPU
		{E227BB0E-BD78-4C5E-BC1C-366D2C9F9FCC}.Release|Any CPU.Deploy.0 = Release|Any CPU
	EndGlobalSection
	GlobalSection(SolutionProperties) = preSolution
		HideSolutionNode = FALSE
	EndGlobalSection
	GlobalSection(ExtensibilityGlobals) = postSolution
		SolutionGuid = {FBE653B1-9B4B-4082-BD1C-AC099019CCE2}
	EndGlobalSection
EndGlobal
